
Microsoft Visual Studio Solution File, Format Version 11.00
# Visual Studio 2010
Project("{FAE04EC0-301F-11D3-BF4B-00C04F79EFBC}") = "Unity3DMenuTools", "Assembly-CSharp.csproj", "{2115694E-B668-8441-6DE4-330737B95C64}"
EndProject
Global
	GlobalSection(SolutionConfigurationPlatforms) = preSolution
		Debug|Any CPU = Debug|Any CPU
		Release|Any CPU = Release|Any CPU
	EndGlobalSection
	GlobalSection(ProjectConfigurationPlatforms) = postSolution
		{2115694E-B668-8441-6DE4-330737B95C64}.Debug|Any CPU.ActiveCfg = Debug|Any CPU
		{2115694E-B668-8441-6DE4-330737B95C64}.Debug|Any CPU.Build.0 = Debug|Any CPU
		{2115694E-B668-8441-6DE4-330737B95C64}.Release|Any CPU.ActiveCfg = Release|Any CPU
		{2115694E-B668-8441-6DE4-330737B95C64}.Release|Any CPU.Build.0 = Release|Any CPU
	EndGlobalSection
	GlobalSection(SolutionProperties) = preSolution
		HideSolutionNode = FALSE
	EndGlobalSection
	GlobalSection(MonoDevelopProperties) = preSolution
		StartupItem = Assembly-CSharp.csproj
	EndGlobalSection
EndGlobal
